// !$*UTF8*$!
{
	archiveVersion = 1;
	classes = {
	};
	objectVersion = 46;
	objects = {

/* Begin PBXBuildFile section */
		943C27E91D218E9600CCF57C /* main.m in Sources */ = {isa = PBXBuildFile; fileRef = 943C27E81D218E9600CCF57C /* main.m */; };
		943C27EC1D218E9600CCF57C /* AppDelegate.m in Sources */ = {isa = PBXBuildFile; fileRef = 943C27EB1D218E9600CCF57C /* AppDelegate.m */; };
		943C27EF1D218E9600CCF57C /* ViewController.m in Sources */ = {isa = PBXBuildFile; fileRef = 943C27EE1D218E9600CCF57C /* ViewController.m */; };
		943C27F21D218E9700CCF57C /* Main.storyboard in Resources */ = {isa = PBXBuildFile; fileRef = 943C27F01D218E9700CCF57C /* Main.storyboard */; };
		943C27F41D218E9700CCF57C /* Assets.xcassets in Resources */ = {isa = PBXBuildFile; fileRef = 943C27F31D218E9700CCF57C /* Assets.xcassets */; };
		943C27F71D218E9700CCF57C /* LaunchScreen.storyboard in Resources */ = {isa = PBXBuildFile; fileRef = 943C27F51D218E9700CCF57C /* LaunchScreen.storyboard */; };
		943C28001D218EB800CCF57C /* NotificationView.m in Sources */ = {isa = PBXBuildFile; fileRef = 943C27FF1D218EB800CCF57C /* NotificationView.m */; };
/* End PBXBuildFile section */

/* Begin PBXFileReference section */
		943C27E41D218E9600CCF57C /* CustomNotificationView.app */ = {isa = PBXFileReference; explicitFileType = wrapper.application; includeInIndex = 0; path = CustomNotificationView.app; sourceTree = BUILT_PRODUCTS_DIR; };
		943C27E81D218E9600CCF57C /* main.m */ = {isa = PBXFileReference; lastKnownFileType = sourcecode.c.objc; path = main.m; sourceTree = "<group>"; };
		943C27EA1D218E9600CCF57C /* AppDelegate.h */ = {isa = PBXFileReference; lastKnownFileType = sourcecode.c.h; path = AppDelegate.h; sourceTree = "<group>"; };
		943C27EB1D218E9600CCF57C /* AppDelegate.m */ = {isa = PBXFileReference; lastKnownFileType = sourcecode.c.objc; path = AppDelegate.m; sourceTree = "<group>"; };
		943C27ED1D218E9600CCF57C /* ViewController.h */ = {isa = PBXFileReference; lastKnownFileType = sourcecode.c.h; path = ViewController.h; sourceTree = "<group>"; };
		943C27EE1D218E9600CCF57C /* ViewController.m */ = {isa = PBXFileReference; lastKnownFileType = sourcecode.c.objc; path = ViewController.m; sourceTree = "<group>"; };
		943C27F11D218E9700CCF57C /* Base */ = {isa = PBXFileReference; lastKnownFileType = file.storyboard; name = Base; path = Base.lproj/Main.storyboard; sourceTree = "<group>"; };
		943C27F31D218E9700CCF57C /* Assets.xcassets */ = {isa = PBXFileReference; lastKnownFileType = folder.assetcatalog; path = Assets.xcassets; sourceTree = "<group>"; };
		943C27F61D218E9700CCF57C /* Base */ = {isa = PBXFileReference; lastKnownFileType = file.storyboard; name = Base; path = Base.lproj/LaunchScreen.storyboard; sourceTree = "<group>"; };
		943C27F81D218E9700CCF57C /* Info.plist */ = {isa = PBXFileReference; lastKnownFileType = text.plist.xml; path = Info.plist; sourceTree = "<group>"; };
		943C27FE1D218EB800CCF57C /* NotificationView.h */ = {isa = PBXFileReference; fileEncoding = 4; lastKnownFileType = sourcecode.c.h; name = NotificationView.h; path = ../NotificationView.h; sourceTree = "<group>"; };
		943C27FF1D218EB800CCF57C /* NotificationView.m */ = {isa = PBXFileReference; fileEncoding = 4; lastKnownFileType = sourcecode.c.objc; name = NotificationView.m; path = ../NotificationView.m; sourceTree = "<group>"; };
/* End PBXFileReference section */

/* Begin PBXFrameworksBuildPhase section */
		943C27E11D218E9600CCF57C /* Frameworks */ = {
			isa = PBXFrameworksBuildPhase;
			buildActionMask = 2147483647;
			files = (
			);
			runOnlyForDeploymentPostprocessing = 0;
		};
/* End PBXFrameworksBuildPhase section */

/* Begin PBXGroup section */
		943C27DB1D218E9600CCF57C = {
			isa = PBXGroup;
			children = (
				943C27E61D218E9600CCF57C /* CustomNotificationView */,
				943C27E51D218E9600CCF57C /* Products */,
			);
			sourceTree = "<group>";
		};
		943C27E51D218E9600CCF57C /* Products */ = {
			isa = PBXGroup;
			children = (
				943C27E41D218E9600CCF57C /* CustomNotificationView.app */,
			);
			name = Products;
			sourceTree = "<group>";
		};
		943C27E61D218E9600CCF57C /* CustomNotificationView */ = {
			isa = PBXGroup;
			children = (
				943C28031D218EE300CCF57C /* Model */,
				943C28021D218EDE00CCF57C /* Views */,
				943C28011D218ED400CCF57C /* Controllers */,
				943C27FE1D218EB800CCF57C /* NotificationView.h */,
				943C27FF1D218EB800CCF57C /* NotificationView.m */,
				943C27EA1D218E9600CCF57C /* AppDelegate.h */,
				943C27EB1D218E9600CCF57C /* AppDelegate.m */,
				943C27ED1D218E9600CCF57C /* ViewController.h */,
				943C27EE1D218E9600CCF57C /* ViewController.m */,
				943C27F01D218E9700CCF57C /* Main.storyboard */,
				943C27F31D218E9700CCF57C /* Assets.xcassets */,
				943C27F51D218E9700CCF57C /* LaunchScreen.storyboard */,
				943C27F81D218E9700CCF57C /* Info.plist */,
				943C27E71D218E9600CCF57C /* Supporting Files */,
			);
			path = CustomNotificationView;
			sourceTree = "<group>";
		};
		943C27E71D218E9600CCF57C /* Supporting Files */ = {
			isa = PBXGroup;
			children = (
				943C27E81D218E9600CCF57C /* main.m */,
			);
			name = "Supporting Files";
			sourceTree = "<group>";
		};
		943C28011D218ED400CCF57C /* Controllers */ = {
			isa = PBXGroup;
			children = (
			);
			name = Controllers;
			sourceTree = "<group>";
		};
		943C28021D218EDE00CCF57C /* Views */ = {
			isa = PBXGroup;
			children = (
			);
			name = Views;
			sourceTree = "<group>";
		};
		943C28031D218EE300CCF57C /* Model */ = {
			isa = PBXGroup;
			children = (
			);
			name = Model;
			sourceTree = "<group>";
		};
/* End PBXGroup section */

/* Begin PBXNativeTarget section */
		943C27E31D218E9600CCF57C /* CustomNotificationView */ = {
			isa = PBXNativeTarget;
			buildConfigurationList = 943C27FB1D218E9700CCF57C /* Build configuration list for PBXNativeTarget "CustomNotificationView" */;
			buildPhases = (
				943C27E01D218E9600CCF57C /* Sources */,
				943C27E11D218E9600CCF57C /* Frameworks */,
				943C27E21D218E9600CCF57C /* Resources */,
			);
			buildRules = (
			);
			dependencies = (
			);
			name = CustomNotificationView;
			productName = CustomNotificationView;
			productReference = 943C27E41D218E9600CCF57C /* CustomNotificationView.app */;
			productType = "com.apple.product-type.application";
		};
/* End PBXNativeTarget section */

/* Begin PBXProject section */
		943C27DC1D218E9600CCF57C /* Project object */ = {
			isa = PBXProject;
			attributes = {
				LastUpgradeCheck = 0730;
				ORGANIZATIONNAME = "Ryan Cortez";
				TargetAttributes = {
					943C27E31D218E9600CCF57C = {
						CreatedOnToolsVersion = 7.3.1;
					};
				};
			};
			buildConfigurationList = 943C27DF1D218E9600CCF57C /* Build configuration list for PBXProject "CustomNotificationView" */;
			compatibilityVersion = "Xcode 3.2";
			developmentRegion = English;
			hasScannedForEncodings = 0;
			knownRegions = (
				en,
				Base,
			);
			mainGroup = 943C27DB1D218E9600CCF57C;
			productRefGroup = 943C27E51D218E9600CCF57C /* Products */;
			projectDirPath = "";
			projectRoot = "";
			targets = (
				943C27E31D218E9600CCF57C /* CustomNotificationView */,
			);
		};
/* End PBXProject section */

/* Begin PBXResourcesBuildPhase section */
		943C27E21D218E9600CCF57C /* Resources */ = {
			isa = PBXResourcesBuildPhase;
			buildActionMask = 2147483647;
			files = (
				943C27F71D218E9700CCF57C /* LaunchScreen.storyboard in Resources */,
				943C27F41D218E9700CCF57C /* Assets.xcassets in Resources */,
				943C27F21D218E9700CCF57C /* Main.storyboard in Resources */,
			);
			runOnlyForDeploymentPostprocessing = 0;
		};
/* End PBXResourcesBuildPhase section */

/* Begin PBXSourcesBuildPhase section */
		943C27E01D218E9600CCF57C /* Sources */ = {
			isa = PBXSourcesBuildPhase;
			buildActionMask = 2147483647;
			files = (
				943C27EF1D218E9600CCF57C /* ViewController.m in Sources */,
				943C27EC1D218E9600CCF57C /* AppDelegate.m in Sources */,
				943C27E91D218E9600CCF57C /* main.m in Sources */,
				943C28001D218EB800CCF57C /* NotificationView.m in Sources */,
			);
			runOnlyForDeploymentPostprocessing = 0;
		};
/* End PBXSourcesBuildPhase section */

/* Begin PBXVariantGroup section */
		943C27F01D218E9700CCF57C /* Main.storyboard */ = {
			isa = PBXVariantGroup;
			children = (
				943C27F11D218E9700CCF57C /* Base */,
			);
			name = Main.storyboard;
			sourceTree = "<group>";
		};
		943C27F51D218E9700CCF57C /* LaunchScreen.storyboard */ = {
			isa = PBXVariantGroup;
			children = (
				943C27F61D218E9700CCF57C /* Base */,
			);
			name = LaunchScreen.storyboard;
			sourceTree = "<group>";
		};
/* End PBXVariantGroup section */

/* Begin XCBuildConfiguration section */
		943C27F91D218E9700CCF57C /* Debug */ = {
			isa = XCBuildConfiguration;
			buildSettings = {
				ALWAYS_SEARCH_USER_PATHS = NO;
				CLANG_ANALYZER_NONNULL = YES;
				CLANG_CXX_LANGUAGE_STANDARD = "gnu++0x";
				CLANG_CXX_LIBRARY = "libc++";
				CLANG_ENABLE_MODULES = YES;
				CLANG_ENABLE_OBJC_ARC = YES;
				CLANG_WARN_BOOL_CONVERSION = YES;
				CLANG_WARN_CONSTANT_CONVERSION = YES;
				CLANG_WARN_DIRECT_OBJC_ISA_USAGE = YES_ERROR;
				CLANG_WARN_EMPTY_BODY = YES;
				CLANG_WARN_ENUM_CONVERSION = YES;
				CLANG_WARN_INT_CONVERSION = YES;
				CLANG_WARN_OBJC_ROOT_CLASS = YES_ERROR;
				CLANG_WARN_UNREACHABLE_CODE = YES;
				CLANG_WARN__DUPLICATE_METHOD_MATCH = YES;
				"CODE_SIGN_IDENTITY[sdk=iphoneos*]" = "iPhone Developer";
				COPY_PHASE_STRIP = NO;
				DEBUG_INFORMATION_FORMAT = dwarf;
				ENABLE_STRICT_OBJC_MSGSEND = YES;
				ENABLE_TESTABILITY = YES;
				GCC_C_LANGUAGE_STANDARD = gnu99;
				GCC_DYNAMIC_NO_PIC = NO;
				GCC_NO_COMMON_BLOCKS = YES;
				GCC_OPTIMIZATION_LEVEL = 0;
				GCC_PREPROCESSOR_DEFINITIONS = (
					"DEBUG=1",
					"$(inherited)",
				);
				GCC_WARN_64_TO_32_BIT_CONVERSION = YES;
				GCC_WARN_ABOUT_RETURN_TYPE = YES_ERROR;
				GCC_WARN_UNDECLARED_SELECTOR = YES;
				GCC_WARN_UNINITIALIZED_AUTOS = YES_AGGRESSIVE;
				GCC_WARN_UNUSED_FUNCTION = YES;
				GCC_WARN_UNUSED_VARIABLE = YES;
				IPHONEOS_DEPLOYMENT_TARGET = 9.3;
				MTL_ENABLE_DEBUG_INFO = YES;
				ONLY_ACTIVE_ARCH = YES;
				SDKROOT = iphoneos;
				TARGETED_DEVICE_FAMILY = "1,2";
			};
			name = Debug;
		};
		943C27FA1D218E9700CCF57C /* Release */ = {
			isa = XCBuildConfiguration;
			buildSettings = {
				ALWAYS_SEARCH_USER_PATHS = NO;
				CLANG_ANALYZER_NONNULL = YES;
				CLANG_CXX_LANGUAGE_STANDARD = "gnu++0x";
				CLANG_CXX_LIBRARY = "libc++";
				CLANG_ENABLE_MODULES = YES;
				CLANG_ENABLE_OBJC_ARC = YES;
				CLANG_WARN_BOOL_CONVERSION = YES;
				CLANG_WARN_CONSTANT_CONVERSION = YES;
				CLANG_WARN_DIRECT_OBJC_ISA_USAGE = YES_ERROR;
				CLANG_WARN_EMPTY_BODY = YES;
				CLANG_WARN_ENUM_CONVERSION = YES;
				CLANG_WARN_INT_CONVERSION = YES;
				CLANG_WARN_OBJC_ROOT_CLASS = YES_ERROR;
				CLANG_WARN_UNREACHABLE_CODE = YES;
				CLANG_WARN__DUPLICATE_METHOD_MATCH = YES;
				"CODE_SIGN_IDENTITY[sdk=iphoneos*]" = "iPhone Developer";
				COPY_PHASE_STRIP = NO;
				DEBUG_INFORMATION_FORMAT = "dwarf-with-dsym";
				ENABLE_NS_ASSERTIONS = NO;
				ENABLE_STRICT_OBJC_MSGSEND = YES;
				GCC_C_LANGUAGE_STANDARD = gnu99;
				GCC_NO_COMMON_BLOCKS = YES;
				GCC_WARN_64_TO_32_BIT_CONVERSION = YES;
				GCC_WARN_ABOUT_RETURN_TYPE = YES_ERROR;
				GCC_WARN_UNDECLARED_SELECTOR = YES;
				GCC_WARN_UNINITIALIZED_AUTOS = YES_AGGRESSIVE;
				GCC_WARN_UNUSED_FUNCTION = YES;
				GCC_WARN_UNUSED_VARIABLE = YES;
				IPHONEOS_DEPLOYMENT_TARGET = 9.3;
				MTL_ENABLE_DEBUG_INFO = NO;
				SDKROOT = iphoneos;
				TARGETED_DEVICE_FAMILY = "1,2";
				VALIDATE_PRODUCT = YES;
			};
			name = Release;
		};
		943C27FC1D218E9700CCF57C /* Debug */ = {
			isa = XCBuildConfiguration;
			buildSettings = {
				ASSETCATALOG_COMPILER_APPICON_NAME = AppIcon;
				INFOPLIST_FILE = CustomNotificationView/Info.plist;
				LD_RUNPATH_SEARCH_PATHS = "$(inherited) @executable_path/Frameworks";
				PRODUCT_BUNDLE_IDENTIFIER = ryancortez.CustomNotificationView;
				PRODUCT_NAME = "$(TARGET_NAME)";
			};
			name = Debug;
		};
		943C27FD1D218E9700CCF57C /* Release */ = {
			isa = XCBuildConfiguration;
			buildSettings = {
				ASSETCATALOG_COMPILER_APPICON_NAME = AppIcon;
				INFOPLIST_FILE = CustomNotificationView/Info.plist;
				LD_RUNPATH_SEARCH_PATHS = "$(inherited) @executable_path/Frameworks";
				PRODUCT_BUNDLE_IDENTIFIER = ryancortez.CustomNotificationView;
				PRODUCT_NAME = "$(TARGET_NAME)";
			};
			name = Release;
		};
/* End XCBuildConfiguration section */

/* Begin XCConfigurationList section */
		943C27DF1D218E9600CCF57C /* Build configuration list for PBXProject "CustomNotificationView" */ = {
			isa = XCConfigurationList;
			buildConfigurations = (
				943C27F91D218E9700CCF57C /* Debug */,
				943C27FA1D218E9700CCF57C /* Release */,
			);
			defaultConfigurationIsVisible = 0;
			defaultConfigurationName = Release;
		};
		943C27FB1D218E9700CCF57C /* Build configuration list for PBXNativeTarget "CustomNotificationView" */ = {
			isa = XCConfigurationList;
			buildConfigurations = (
				943C27FC1D218E9700CCF57C /* Debug */,
				943C27FD1D218E9700CCF57C /* Release */,
			);
			defaultConfigurationIsVisible = 0;
		};
/* End XCConfigurationList section */
	};
	rootObject = 943C27DC1D218E9600CCF57C /* Project object */;
}
